
Microsoft Visual Studio Solution File, Format Version 12.00
# Visual Studio Version 16
VisualStudioVersion = 16.0.30804.86
MinimumVisualStudioVersion = 10.0.40219.1
Project("{FAE04EC0-301F-11D3-BF4B-00C04F79EFBC}") = "ServerlessCompilation.FunctionApp", "src\ServerlessCompilation.FunctionApp\ServerlessCompilation.FunctionApp.csproj", "{81C95EE0-86A8-497C-A897-3B7268F9D6C5}"
EndProject
Global
	GlobalSection(SolutionConfigurationPlatforms) = preSolution
		Debug|Any CPU = Debug|Any CPU
		Release|Any CPU = Release|Any CPU
	EndGlobalSection
	GlobalSection(ProjectConfigurationPlatforms) = postSolution
		{81C95EE0-86A8-497C-A897-3B7268F9D6C5}.Debug|Any CPU.ActiveCfg = Debug|Any CPU
		{81C95EE0-86A8-497C-A897-3B7268F9D6C5}.Debug|Any CPU.Build.0 = Debug|Any CPU
		{81C95EE0-86A8-497C-A897-3B7268F9D6C5}.Release|Any CPU.ActiveCfg = Release|Any CPU
		{81C95EE0-86A8-497C-A897-3B7268F9D6C5}.Release|Any CPU.Build.0 = Release|Any CPU
	EndGlobalSection
	GlobalSection(SolutionProperties) = preSolution
		HideSolutionNode = FALSE
	EndGlobalSection
	GlobalSection(ExtensibilityGlobals) = postSolution
		SolutionGuid = {0E756A5F-9BBA-4568-823B-27DB224E3F04}
	EndGlobalSection
EndGlobal
